
Microsoft Visual Studio Solution File, Format Version 12.00
# Visual Studio Version 17
VisualStudioVersion = 17.4.33205.214
MinimumVisualStudioVersion = 10.0.40219.1
Project("{2150E333-8FDC-42A3-9474-1A3956D46DE8}") = "core", "core", "{B0B8471F-8EEA-428A-8C09-30B6D81F4425}"
EndProject
Project("{FAE04EC0-301F-11D3-BF4B-00C04F79EFBC}") = "Drumwise.API", "api\Drumwise.API\Drumwise.API.csproj", "{050865DC-117D-4CB7-86EA-513DAB663890}"
EndProject
Project("{FAE04EC0-301F-11D3-BF4B-00C04F79EFBC}") = "Drumwise.Application", "core\Drumwise.Application\Drumwise.Application.csproj", "{DF09432C-6C8B-477B-83FF-9C442C8DCD8C}"
EndProject
Project("{FAE04EC0-301F-11D3-BF4B-00C04F79EFBC}") = "Drumwise.Infrastructure", "core\Drumwise.Infrastructure\Drumwise.Infrastructure.csproj", "{3B7EBC70-117B-44FF-A4E7-5AE43C652158}"
EndProject
Project("{FAE04EC0-301F-11D3-BF4B-00C04F79EFBC}") = "Drumwise.Features", "core\Drumwise.Features\Drumwise.Features.csproj", "{7E55FF20-CA7E-4527-9426-FD85C2E8DD8C}"
EndProject
Project("{2150E333-8FDC-42A3-9474-1A3956D46DE8}") = "api", "api", "{4565E637-CF53-4746-B7D6-89D440205396}"
EndProject
Project("{2150E333-8FDC-42A3-9474-1A3956D46DE8}") = "client", "client", "{A6A62807-B6BC-40DC-80B0-85CAD6BDC41F}"
EndProject
Global
	GlobalSection(SolutionConfigurationPlatforms) = preSolution
		Debug|Any CPU = Debug|Any CPU
		Release|Any CPU = Release|Any CPU
	EndGlobalSection
	GlobalSection(ProjectConfigurationPlatforms) = postSolution
		{050865DC-117D-4CB7-86EA-513DAB663890}.Debug|Any CPU.ActiveCfg = Debug|Any CPU
		{050865DC-117D-4CB7-86EA-513DAB663890}.Debug|Any CPU.Build.0 = Debug|Any CPU
		{050865DC-117D-4CB7-86EA-513DAB663890}.Release|Any CPU.ActiveCfg = Release|Any CPU
		{050865DC-117D-4CB7-86EA-513DAB663890}.Release|Any CPU.Build.0 = Release|Any CPU
		{DF09432C-6C8B-477B-83FF-9C442C8DCD8C}.Debug|Any CPU.ActiveCfg = Debug|Any CPU
		{DF09432C-6C8B-477B-83FF-9C442C8DCD8C}.Debug|Any CPU.Build.0 = Debug|Any CPU
		{DF09432C-6C8B-477B-83FF-9C442C8DCD8C}.Release|Any CPU.ActiveCfg = Release|Any CPU
		{DF09432C-6C8B-477B-83FF-9C442C8DCD8C}.Release|Any CPU.Build.0 = Release|Any CPU
		{3B7EBC70-117B-44FF-A4E7-5AE43C652158}.Debug|Any CPU.ActiveCfg = Debug|Any CPU
		{3B7EBC70-117B-44FF-A4E7-5AE43C652158}.Debug|Any CPU.Build.0 = Debug|Any CPU
		{3B7EBC70-117B-44FF-A4E7-5AE43C652158}.Release|Any CPU.ActiveCfg = Release|Any CPU
		{3B7EBC70-117B-44FF-A4E7-5AE43C652158}.Release|Any CPU.Build.0 = Release|Any CPU
		{7E55FF20-CA7E-4527-9426-FD85C2E8DD8C}.Debug|Any CPU.ActiveCfg = Debug|Any CPU
		{7E55FF20-CA7E-4527-9426-FD85C2E8DD8C}.Debug|Any CPU.Build.0 = Debug|Any CPU
		{7E55FF20-CA7E-4527-9426-FD85C2E8DD8C}.Release|Any CPU.ActiveCfg = Release|Any CPU
		{7E55FF20-CA7E-4527-9426-FD85C2E8DD8C}.Release|Any CPU.Build.0 = Release|Any CPU
	EndGlobalSection
	GlobalSection(SolutionProperties) = preSolution
		HideSolutionNode = FALSE
	EndGlobalSection
	GlobalSection(NestedProjects) = preSolution
		{DF09432C-6C8B-477B-83FF-9C442C8DCD8C} = {B0B8471F-8EEA-428A-8C09-30B6D81F4425}
		{3B7EBC70-117B-44FF-A4E7-5AE43C652158} = {B0B8471F-8EEA-428A-8C09-30B6D81F4425}
		{7E55FF20-CA7E-4527-9426-FD85C2E8DD8C} = {B0B8471F-8EEA-428A-8C09-30B6D81F4425}
		{050865DC-117D-4CB7-86EA-513DAB663890} = {4565E637-CF53-4746-B7D6-89D440205396}
	EndGlobalSection
	GlobalSection(ExtensibilityGlobals) = postSolution
		SolutionGuid = {59E93480-49B8-4EA5-884A-373EAB932699}
	EndGlobalSection
EndGlobal
